
Microsoft Visual Studio Solution File, Format Version 12.00
# Visual Studio Version 17
VisualStudioVersion = 17.0.31903.59
MinimumVisualStudioVersion = 10.0.40219.1
Project("{9A19103F-16F7-4668-BE54-9A1E7A4F7556}") = "Recommendit", "Recommendit.csproj", "{C1C03319-F0F4-4CDF-8078-2D4A257AAC0F}"
EndProject
Project("{9A19103F-16F7-4668-BE54-9A1E7A4F7556}") = "DataRetriever", "DataRetriever\DataRetriever.csproj", "{7198CE68-7631-4B10-A5C3-097DFA5076DC}"
EndProject
Global
	GlobalSection(SolutionConfigurationPlatforms) = preSolution
		Debug|Any CPU = Debug|Any CPU
		Release|Any CPU = Release|Any CPU
	EndGlobalSection
	GlobalSection(ProjectConfigurationPlatforms) = postSolution
		{C1C03319-F0F4-4CDF-8078-2D4A257AAC0F}.Debug|Any CPU.ActiveCfg = Debug|Any CPU
		{C1C03319-F0F4-4CDF-8078-2D4A257AAC0F}.Debug|Any CPU.Build.0 = Debug|Any CPU
		{C1C03319-F0F4-4CDF-8078-2D4A257AAC0F}.Release|Any CPU.ActiveCfg = Release|Any CPU
		{C1C03319-F0F4-4CDF-8078-2D4A257AAC0F}.Release|Any CPU.Build.0 = Release|Any CPU
		{7198CE68-7631-4B10-A5C3-097DFA5076DC}.Debug|Any CPU.ActiveCfg = Debug|Any CPU
		{7198CE68-7631-4B10-A5C3-097DFA5076DC}.Debug|Any CPU.Build.0 = Debug|Any CPU
		{7198CE68-7631-4B10-A5C3-097DFA5076DC}.Release|Any CPU.ActiveCfg = Release|Any CPU
		{7198CE68-7631-4B10-A5C3-097DFA5076DC}.Release|Any CPU.Build.0 = Release|Any CPU
	EndGlobalSection
	GlobalSection(SolutionProperties) = preSolution
		HideSolutionNode = FALSE
	EndGlobalSection
	GlobalSection(ExtensibilityGlobals) = postSolution
		SolutionGuid = {CCADA705-C9EE-4A47-9F15-34D8B0F328F3}
	EndGlobalSection
EndGlobal
